{
  "originHash" : "f40bb2c2d88e0850615cea7ed88f77394486dd6e8e7504b510498f0181216d13",
  "pins" : [
    {
      "identity" : "amplify-swift",
      "kind" : "remoteSourceControl",
      "location" : "https://github.com/aws-amplify/amplify-swift",
      "state" : {
        "revision" : "e881df5510c20a990863662e981d381cf8ee4a60",
        "version" : "2.46.2"
      }
    },
    {
      "identity" : "amplify-swift-utils-notifications",
      "kind" : "remoteSourceControl",
      "location" : "https://github.com/aws-amplify/amplify-swift-utils-notifications.git",
      "state" : {
        "revision" : "959eec669ba97c7d923b963c3e66ca8a0b2737f6",
        "version" : "1.1.1"
      }
    },
    {
      "identity" : "aws-crt-swift",
      "kind" : "remoteSourceControl",
      "location" : "https://github.com/awslabs/aws-crt-swift",
      "state" : {
        "revision" : "dd17a98750b6182edacd6e8f0c30aa289c472b22",
        "version" : "0.40.0"
      }
    },
    {
      "identity" : "aws-sdk-swift",
      "kind" : "remoteSourceControl",
      "location" : "https://github.com/awslabs/aws-sdk-swift",
      "state" : {
        "revision" : "9ad12684f6cb9c9b60e840c051a2bba604024650",
        "version" : "1.0.69"
      }
    },
    {
      "identity" : "marqueelabel",
      "kind" : "remoteSourceControl",
      "location" : "https://github.com/cbpowell/MarqueeLabel",
      "state" : {
        "revision" : "f2c72a5f8568579dade6350dc26a482076d3d346",
        "version" : "4.3.0"
      }
    },
    {
      "identity" : "netfox",
      "kind" : "remoteSourceControl",
      "location" : "https://github.com/kasketis/netfox",
      "state" : {
        "revision" : "557576032736fd3140422baefb68b8f76c55088f",
        "version" : "1.21.0"
      }
    },
    {
      "identity" : "notificationbanner",
      "kind" : "remoteSourceControl",
      "location" : "https://github.com/Daltron/NotificationBanner",
      "state" : {
        "revision" : "a9ec5cd29b4669f5fdf3dcd494a08cea4776913c",
        "version" : "3.2.0"
      }
    },
    {
      "identity" : "rxkeyboard",
      "kind" : "remoteSourceControl",
      "location" : "https://github.com/RxSwiftCommunity/RxKeyboard",
      "state" : {
        "revision" : "63f6377975c962a1d89f012a6f1e5bebb2c502b7",
        "version" : "2.0.1"
      }
    },
    {
      "identity" : "rxswift",
      "kind" : "remoteSourceControl",
      "location" : "https://github.com/ReactiveX/RxSwift.git",
      "state" : {
        "revision" : "b4307ba0b6425c0ba4178e138799946c3da594f8",
        "version" : "6.5.0"
      }
    },
    {
      "identity" : "smithy-swift",
      "kind" : "remoteSourceControl",
      "location" : "https://github.com/smithy-lang/smithy-swift",
      "state" : {
        "revision" : "402f091374dcf72c1e7ed43af10e3ee7e634fad8",
        "version" : "0.106.0"
      }
    },
    {
      "identity" : "snapkit",
      "kind" : "remoteSourceControl",
      "location" : "https://github.com/SnapKit/SnapKit",
      "state" : {
        "revision" : "f222cbdf325885926566172f6f5f06af95473158",
        "version" : "5.6.0"
      }
    },
    {
      "identity" : "sqlite.swift",
      "kind" : "remoteSourceControl",
      "location" : "https://github.com/stephencelis/SQLite.swift.git",
      "state" : {
        "revision" : "a95fc6df17d108bd99210db5e8a9bac90fe984b8",
        "version" : "0.15.3"
      }
    },
    {
      "identity" : "swift-log",
      "kind" : "remoteSourceControl",
      "location" : "https://github.com/apple/swift-log.git",
      "state" : {
        "revision" : "3d8596ed08bd13520157f0355e35caed215ffbfa",
        "version" : "1.6.3"
      }
    }
  ],
  "version" : 3
}
